
Microsoft Visual Studio Solution File, Format Version 12.00
# Visual Studio Version 16
VisualStudioVersion = 16.0.28803.352
MinimumVisualStudioVersion = 10.0.40219.1
Project("{FAE04EC0-301F-11D3-BF4B-00C04F79EFBC}") = "EventAndDelegate", "EventAndDelegate\EventAndDelegate.csproj", "{35FAAD79-5CB0-4814-92A6-394F23874828}"
EndProject
Project("{FAE04EC0-301F-11D3-BF4B-00C04F79EFBC}") = "PostsLibrary", "PostsLibrary\PostsLibrary.csproj", "{DC7DB187-5B4E-44ED-A66F-C545039F596E}"
EndProject
Global
	GlobalSection(SolutionConfigurationPlatforms) = preSolution
		Debug|Any CPU = Debug|Any CPU
		Release|Any CPU = Release|Any CPU
	EndGlobalSection
	GlobalSection(ProjectConfigurationPlatforms) = postSolution
		{35FAAD79-5CB0-4814-92A6-394F23874828}.Debug|Any CPU.ActiveCfg = Debug|Any CPU
		{35FAAD79-5CB0-4814-92A6-394F23874828}.Debug|Any CPU.Build.0 = Debug|Any CPU
		{35FAAD79-5CB0-4814-92A6-394F23874828}.Release|Any CPU.ActiveCfg = Release|Any CPU
		{35FAAD79-5CB0-4814-92A6-394F23874828}.Release|Any CPU.Build.0 = Release|Any CPU
		{DC7DB187-5B4E-44ED-A66F-C545039F596E}.Debug|Any CPU.ActiveCfg = Debug|Any CPU
		{DC7DB187-5B4E-44ED-A66F-C545039F596E}.Debug|Any CPU.Build.0 = Debug|Any CPU
		{DC7DB187-5B4E-44ED-A66F-C545039F596E}.Release|Any CPU.ActiveCfg = Release|Any CPU
		{DC7DB187-5B4E-44ED-A66F-C545039F596E}.Release|Any CPU.Build.0 = Release|Any CPU
	EndGlobalSection
	GlobalSection(SolutionProperties) = preSolution
		HideSolutionNode = FALSE
	EndGlobalSection
	GlobalSection(ExtensibilityGlobals) = postSolution
		SolutionGuid = {713F22B6-41CB-44DE-A5E8-B753CBD7C966}
	EndGlobalSection
EndGlobal
